
Microsoft Visual Studio Solution File, Format Version 11.00
# Visual Studio 2010
Project("{FAE04EC0-301F-11D3-BF4B-00C04F79EFBC}") = "MonsterEscape", "MonsterEscape\MonsterEscape.csproj", "{137C1D97-018A-4993-9045-0CB20A60C379}"
EndProject
Project("{FAE04EC0-301F-11D3-BF4B-00C04F79EFBC}") = "MonsterEscapeApp", "MonsterEscapeApp\MonsterEscapeApp.csproj", "{5C94B23A-E69A-4EB9-93E3-C2887C29AB67}"
EndProject
Global
	GlobalSection(SolutionConfigurationPlatforms) = preSolution
		Debug|x86 = Debug|x86
		Release|x86 = Release|x86
	EndGlobalSection
	GlobalSection(ProjectConfigurationPlatforms) = postSolution
		{137C1D97-018A-4993-9045-0CB20A60C379}.Debug|x86.ActiveCfg = Debug|x86
		{137C1D97-018A-4993-9045-0CB20A60C379}.Debug|x86.Build.0 = Debug|x86
		{137C1D97-018A-4993-9045-0CB20A60C379}.Release|x86.ActiveCfg = Release|x86
		{137C1D97-018A-4993-9045-0CB20A60C379}.Release|x86.Build.0 = Release|x86
		{5C94B23A-E69A-4EB9-93E3-C2887C29AB67}.Debug|x86.ActiveCfg = Debug|x86
		{5C94B23A-E69A-4EB9-93E3-C2887C29AB67}.Debug|x86.Build.0 = Debug|x86
		{5C94B23A-E69A-4EB9-93E3-C2887C29AB67}.Release|x86.ActiveCfg = Release|x86
		{5C94B23A-E69A-4EB9-93E3-C2887C29AB67}.Release|x86.Build.0 = Release|x86
	EndGlobalSection
	GlobalSection(SolutionProperties) = preSolution
		HideSolutionNode = FALSE
	EndGlobalSection
EndGlobal
